<?xml version="1.0" encoding="utf-8"?>
<Project ToolsVersion="4.0" xmlns="http://schemas.microsoft.com/developer/msbuild/2003">
  <ItemGroup>
    <ClCompile Include="Main.cpp" />
    <ClCompile Include="Decorator.cpp">
      <Filter>项目文件</Filter>
    </ClCompile>
    <ClCompile Include="Observer.cpp">
      <Filter>项目文件</Filter>
    </ClCompile>
    <ClCompile Include="SimpleFactory.cpp">
      <Filter>项目文件</Filter>
    </ClCompile>
    <ClCompile Include="StrategyPattern.cpp">
      <Filter>项目文件</Filter>
    </ClCompile>
    <ClCompile Include="Factory.cpp">
      <Filter>项目文件</Filter>
    </ClCompile>
    <ClCompile Include="AbstractFactory.cpp">
      <Filter>项目文件</Filter>
    </ClCompile>
    <ClCompile Include="Singleton.cpp">
      <Filter>项目文件</Filter>
    </ClCompile>
    <ClCompile Include="MethodInvocation.cpp">
      <Filter>项目文件</Filter>
    </ClCompile>
    <ClCompile Include="Adapter.cpp">
      <Filter>项目文件</Filter>
    </ClCompile>
    <ClCompile Include="Facade.cpp">
      <Filter>项目文件</Filter>
    </ClCompile>
  </ItemGroup>
  <ItemGroup>
    <ClInclude Include="StrategyPattern.h">
      <Filter>头文件\策略模式</Filter>
    </ClInclude>
    <ClInclude Include="Observer.h">
      <Filter>头文件\观察者模式</Filter>
    </ClInclude>
    <ClInclude Include="Decorator.h">
      <Filter>头文件\装饰器模式</Filter>
    </ClInclude>
    <ClInclude Include="SimpleFactory.h">
      <Filter>头文件\工厂模式</Filter>
    </ClInclude>
    <ClInclude Include="Factory.h">
      <Filter>头文件\工厂模式</Filter>
    </ClInclude>
    <ClInclude Include="AbstractFactory.h">
      <Filter>头文件\工厂模式</Filter>
    </ClInclude>
    <ClInclude Include="Singleton.h">
      <Filter>头文件\单件模式</Filter>
    </ClInclude>
    <ClInclude Include="MethodInvocation.h">
      <Filter>头文件\命令模式</Filter>
    </ClInclude>
    <ClInclude Include="Adapter.h">
      <Filter>头文件\适配器模式</Filter>
    </ClInclude>
    <ClInclude Include="Facade.h">
      <Filter>头文件\外观模式</Filter>
    </ClInclude>
  </ItemGroup>
  <ItemGroup>
    <Filter Include="头文件">
      <UniqueIdentifier>{add417a5-eb19-4185-b119-09321d9a715d}</UniqueIdentifier>
    </Filter>
    <Filter Include="头文件\策略模式">
      <UniqueIdentifier>{c55fcb53-4786-4793-a4c5-c72ac7047369}</UniqueIdentifier>
    </Filter>
    <Filter Include="头文件\观察者模式">
      <UniqueIdentifier>{4554f650-1b0f-403f-b874-cff24ea455b6}</UniqueIdentifier>
    </Filter>
    <Filter Include="头文件\装饰器模式">
      <UniqueIdentifier>{b50d2b7f-4b7a-4f08-9638-0b8971407ca8}</UniqueIdentifier>
    </Filter>
    <Filter Include="头文件\工厂模式">
      <UniqueIdentifier>{b5455c93-83bf-4a7a-b246-fe27adef20ad}</UniqueIdentifier>
    </Filter>
    <Filter Include="项目文件">
      <UniqueIdentifier>{655b3539-e507-40d9-acb6-f819c9ab52c8}</UniqueIdentifier>
    </Filter>
    <Filter Include="头文件\单件模式">
      <UniqueIdentifier>{e20d6acc-c40f-4902-876c-210a3cfb0811}</UniqueIdentifier>
    </Filter>
    <Filter Include="头文件\命令模式">
      <UniqueIdentifier>{e19e8137-1a8b-4824-9031-37d48c950f87}</UniqueIdentifier>
    </Filter>
    <Filter Include="头文件\适配器模式">
      <UniqueIdentifier>{205b4cd8-fbd1-4834-bc65-b77da29c719a}</UniqueIdentifier>
    </Filter>
    <Filter Include="头文件\外观模式">
      <UniqueIdentifier>{531f94f7-09d8-45a4-9cdd-82fda1ca883e}</UniqueIdentifier>
    </Filter>
  </ItemGroup>
</Project>